
Microsoft Visual Studio Solution File, Format Version 12.00
# Visual Studio Version 17
VisualStudioVersion = 17.10.35027.167
MinimumVisualStudioVersion = 10.0.40219.1
Project("{FAE04EC0-301F-11D3-BF4B-00C04F79EFBC}") = "Task1", "Task1\Task1.csproj", "{7886BD26-952B-4F76-9DD4-8987B3F08316}"
EndProject
Global
	GlobalSection(SolutionConfigurationPlatforms) = preSolution
		Debug|Any CPU = Debug|Any CPU
		Release|Any CPU = Release|Any CPU
	EndGlobalSection
	GlobalSection(ProjectConfigurationPlatforms) = postSolution
		{7886BD26-952B-4F76-9DD4-8987B3F08316}.Debug|Any CPU.ActiveCfg = Debug|Any CPU
		{7886BD26-952B-4F76-9DD4-8987B3F08316}.Debug|Any CPU.Build.0 = Debug|Any CPU
		{7886BD26-952B-4F76-9DD4-8987B3F08316}.Release|Any CPU.ActiveCfg = Release|Any CPU
		{7886BD26-952B-4F76-9DD4-8987B3F08316}.Release|Any CPU.Build.0 = Release|Any CPU
	EndGlobalSection
	GlobalSection(SolutionProperties) = preSolution
		HideSolutionNode = FALSE
	EndGlobalSection
	GlobalSection(ExtensibilityGlobals) = postSolution
		SolutionGuid = {E01F1F87-3C60-4AEB-A578-388DF7D7C041}
	EndGlobalSection
EndGlobal
